
Microsoft Visual Studio Solution File, Format Version 12.00
# Visual Studio Version 17
VisualStudioVersion = 17.4.33122.133
MinimumVisualStudioVersion = 10.0.40219.1
Project("{9A19103F-16F7-4668-BE54-9A1E7A4F7556}") = "01.DayOfWeek", "01.DayOfWeek\01.DayOfWeek.csproj", "{625249BB-FFE2-47EA-A0C0-D0BBCA130E8B}"
EndProject
Project("{9A19103F-16F7-4668-BE54-9A1E7A4F7556}") = "08.CondenseArrayToNumber", "08.CondenseArrayToNumber\08.CondenseArrayToNumber.csproj", "{A16089CA-D925-4BAC-91D4-903C3D56E0C0}"
EndProject
Project("{FAE04EC0-301F-11D3-BF4B-00C04F79EFBC}") = "02.PrintNumbersInReverseOrder", "02.PrintNumbersInReverseOrder\02.PrintNumbersInReverseOrder.csproj", "{1F4CED9F-B6EE-44DA-A802-A2D0B22C8BC8}"
EndProject
Project("{FAE04EC0-301F-11D3-BF4B-00C04F79EFBC}") = "03.RoundingNumbers", "03.RoundingNumbers\03.RoundingNumbers.csproj", "{9FE44B07-1688-459B-A04A-59BEA696DCB2}"
EndProject
Global
	GlobalSection(SolutionConfigurationPlatforms) = preSolution
		Debug|Any CPU = Debug|Any CPU
		Release|Any CPU = Release|Any CPU
	EndGlobalSection
	GlobalSection(ProjectConfigurationPlatforms) = postSolution
		{625249BB-FFE2-47EA-A0C0-D0BBCA130E8B}.Debug|Any CPU.ActiveCfg = Debug|Any CPU
		{625249BB-FFE2-47EA-A0C0-D0BBCA130E8B}.Debug|Any CPU.Build.0 = Debug|Any CPU
		{625249BB-FFE2-47EA-A0C0-D0BBCA130E8B}.Release|Any CPU.ActiveCfg = Release|Any CPU
		{625249BB-FFE2-47EA-A0C0-D0BBCA130E8B}.Release|Any CPU.Build.0 = Release|Any CPU
		{A16089CA-D925-4BAC-91D4-903C3D56E0C0}.Debug|Any CPU.ActiveCfg = Debug|Any CPU
		{A16089CA-D925-4BAC-91D4-903C3D56E0C0}.Debug|Any CPU.Build.0 = Debug|Any CPU
		{A16089CA-D925-4BAC-91D4-903C3D56E0C0}.Release|Any CPU.ActiveCfg = Release|Any CPU
		{A16089CA-D925-4BAC-91D4-903C3D56E0C0}.Release|Any CPU.Build.0 = Release|Any CPU
		{1F4CED9F-B6EE-44DA-A802-A2D0B22C8BC8}.Debug|Any CPU.ActiveCfg = Debug|Any CPU
		{1F4CED9F-B6EE-44DA-A802-A2D0B22C8BC8}.Debug|Any CPU.Build.0 = Debug|Any CPU
		{1F4CED9F-B6EE-44DA-A802-A2D0B22C8BC8}.Release|Any CPU.ActiveCfg = Release|Any CPU
		{1F4CED9F-B6EE-44DA-A802-A2D0B22C8BC8}.Release|Any CPU.Build.0 = Release|Any CPU
		{9FE44B07-1688-459B-A04A-59BEA696DCB2}.Debug|Any CPU.ActiveCfg = Debug|Any CPU
		{9FE44B07-1688-459B-A04A-59BEA696DCB2}.Debug|Any CPU.Build.0 = Debug|Any CPU
		{9FE44B07-1688-459B-A04A-59BEA696DCB2}.Release|Any CPU.ActiveCfg = Release|Any CPU
		{9FE44B07-1688-459B-A04A-59BEA696DCB2}.Release|Any CPU.Build.0 = Release|Any CPU
	EndGlobalSection
	GlobalSection(SolutionProperties) = preSolution
		HideSolutionNode = FALSE
	EndGlobalSection
	GlobalSection(ExtensibilityGlobals) = postSolution
		SolutionGuid = {68A4BDF4-5DB4-44D9-881D-290C458E96B6}
	EndGlobalSection
EndGlobal
