
Microsoft Visual Studio Solution File, Format Version 12.00
# Visual Studio Version 17
VisualStudioVersion = 17.4.33122.133
MinimumVisualStudioVersion = 10.0.40219.1
Project("{9A19103F-16F7-4668-BE54-9A1E7A4F7556}") = "01.ConvertMetersToKilometers", "01.ConvertMetersToKilometers\01.ConvertMetersToKilometers.csproj", "{F0588676-A0F4-4D5E-B168-49CEEB7917F7}"
EndProject
Project("{9A19103F-16F7-4668-BE54-9A1E7A4F7556}") = "04. Centuries to Minutes", "04\04. Centuries to Minutes.csproj", "{3BB247B8-B60E-45C9-B1B1-24B456352063}"
EndProject
Project("{9A19103F-16F7-4668-BE54-9A1E7A4F7556}") = "05. Special Numbers", "05\05. Special Numbers.csproj", "{B5A13996-15E2-48A7-A7E8-7FB55351060C}"
EndProject
Project("{FAE04EC0-301F-11D3-BF4B-00C04F79EFBC}") = "02.PoundsToDollars", "02.PoundsToDollars\02.PoundsToDollars.csproj", "{F8B24A3D-E094-4A22-BA14-43CEAE9B300C}"
EndProject
Project("{FAE04EC0-301F-11D3-BF4B-00C04F79EFBC}") = "03.ExactSumOfRealNumbers", "03.ExactSumOfRealNumbers\03.ExactSumOfRealNumbers.csproj", "{0BABAE91-4B0F-4866-944D-17229FA99C3C}"
EndProject
Project("{FAE04EC0-301F-11D3-BF4B-00C04F79EFBC}") = "06.ReversedChars", "06.ReversedChars\06.ReversedChars.csproj", "{07788527-ECF6-486A-B978-90C19A31E464}"
EndProject
Project("{FAE04EC0-301F-11D3-BF4B-00C04F79EFBC}") = "07.ConcatNames", "07.ConcatNames\07.ConcatNames.csproj", "{7E21D586-0879-4C28-B9C7-F68D90ADA6F4}"
EndProject
Project("{FAE04EC0-301F-11D3-BF4B-00C04F79EFBC}") = "08.TownInfo", "08.TownInfo\08.TownInfo.csproj", "{3B4D012D-0FD2-41B0-BEFB-B95518A752D1}"
EndProject
Project("{FAE04EC0-301F-11D3-BF4B-00C04F79EFBC}") = "09.CharsToString", "09.CharsToString\09.CharsToString.csproj", "{EA4A58E7-CA1A-4A02-8D9E-79874731063F}"
EndProject
Project("{FAE04EC0-301F-11D3-BF4B-00C04F79EFBC}") = "10.LowerOrUpper", "10.LowerOrUpper\10.LowerOrUpper.csproj", "{0AB9B9B7-9B1D-4F76-A2DD-86149295D7CC}"
EndProject
Project("{FAE04EC0-301F-11D3-BF4B-00C04F79EFBC}") = "11.RefactorVolumeOfPyramid", "11.RefactorVolumeOfPyramid\11.RefactorVolumeOfPyramid.csproj", "{4C2B237E-DDC6-4630-B434-400E300863C6}"
EndProject
Project("{FAE04EC0-301F-11D3-BF4B-00C04F79EFBC}") = "12.RefactorSpecialNumbers", "12.RefactorSpecialNumbers\12.RefactorSpecialNumbers.csproj", "{FC4B4150-3615-41A4-9B54-081C704B35D8}"
EndProject
Global
	GlobalSection(SolutionConfigurationPlatforms) = preSolution
		Debug|Any CPU = Debug|Any CPU
		Release|Any CPU = Release|Any CPU
	EndGlobalSection
	GlobalSection(ProjectConfigurationPlatforms) = postSolution
		{F0588676-A0F4-4D5E-B168-49CEEB7917F7}.Debug|Any CPU.ActiveCfg = Debug|Any CPU
		{F0588676-A0F4-4D5E-B168-49CEEB7917F7}.Debug|Any CPU.Build.0 = Debug|Any CPU
		{F0588676-A0F4-4D5E-B168-49CEEB7917F7}.Release|Any CPU.ActiveCfg = Release|Any CPU
		{F0588676-A0F4-4D5E-B168-49CEEB7917F7}.Release|Any CPU.Build.0 = Release|Any CPU
		{3BB247B8-B60E-45C9-B1B1-24B456352063}.Debug|Any CPU.ActiveCfg = Debug|Any CPU
		{3BB247B8-B60E-45C9-B1B1-24B456352063}.Debug|Any CPU.Build.0 = Debug|Any CPU
		{3BB247B8-B60E-45C9-B1B1-24B456352063}.Release|Any CPU.ActiveCfg = Release|Any CPU
		{3BB247B8-B60E-45C9-B1B1-24B456352063}.Release|Any CPU.Build.0 = Release|Any CPU
		{B5A13996-15E2-48A7-A7E8-7FB55351060C}.Debug|Any CPU.ActiveCfg = Debug|Any CPU
		{B5A13996-15E2-48A7-A7E8-7FB55351060C}.Debug|Any CPU.Build.0 = Debug|Any CPU
		{B5A13996-15E2-48A7-A7E8-7FB55351060C}.Release|Any CPU.ActiveCfg = Release|Any CPU
		{B5A13996-15E2-48A7-A7E8-7FB55351060C}.Release|Any CPU.Build.0 = Release|Any CPU
		{F8B24A3D-E094-4A22-BA14-43CEAE9B300C}.Debug|Any CPU.ActiveCfg = Debug|Any CPU
		{F8B24A3D-E094-4A22-BA14-43CEAE9B300C}.Debug|Any CPU.Build.0 = Debug|Any CPU
		{F8B24A3D-E094-4A22-BA14-43CEAE9B300C}.Release|Any CPU.ActiveCfg = Release|Any CPU
		{F8B24A3D-E094-4A22-BA14-43CEAE9B300C}.Release|Any CPU.Build.0 = Release|Any CPU
		{0BABAE91-4B0F-4866-944D-17229FA99C3C}.Debug|Any CPU.ActiveCfg = Debug|Any CPU
		{0BABAE91-4B0F-4866-944D-17229FA99C3C}.Debug|Any CPU.Build.0 = Debug|Any CPU
		{0BABAE91-4B0F-4866-944D-17229FA99C3C}.Release|Any CPU.ActiveCfg = Release|Any CPU
		{0BABAE91-4B0F-4866-944D-17229FA99C3C}.Release|Any CPU.Build.0 = Release|Any CPU
		{07788527-ECF6-486A-B978-90C19A31E464}.Debug|Any CPU.ActiveCfg = Debug|Any CPU
		{07788527-ECF6-486A-B978-90C19A31E464}.Debug|Any CPU.Build.0 = Debug|Any CPU
		{07788527-ECF6-486A-B978-90C19A31E464}.Release|Any CPU.ActiveCfg = Release|Any CPU
		{07788527-ECF6-486A-B978-90C19A31E464}.Release|Any CPU.Build.0 = Release|Any CPU
		{7E21D586-0879-4C28-B9C7-F68D90ADA6F4}.Debug|Any CPU.ActiveCfg = Debug|Any CPU
		{7E21D586-0879-4C28-B9C7-F68D90ADA6F4}.Debug|Any CPU.Build.0 = Debug|Any CPU
		{7E21D586-0879-4C28-B9C7-F68D90ADA6F4}.Release|Any CPU.ActiveCfg = Release|Any CPU
		{7E21D586-0879-4C28-B9C7-F68D90ADA6F4}.Release|Any CPU.Build.0 = Release|Any CPU
		{3B4D012D-0FD2-41B0-BEFB-B95518A752D1}.Debug|Any CPU.ActiveCfg = Debug|Any CPU
		{3B4D012D-0FD2-41B0-BEFB-B95518A752D1}.Debug|Any CPU.Build.0 = Debug|Any CPU
		{3B4D012D-0FD2-41B0-BEFB-B95518A752D1}.Release|Any CPU.ActiveCfg = Release|Any CPU
		{3B4D012D-0FD2-41B0-BEFB-B95518A752D1}.Release|Any CPU.Build.0 = Release|Any CPU
		{EA4A58E7-CA1A-4A02-8D9E-79874731063F}.Debug|Any CPU.ActiveCfg = Debug|Any CPU
		{EA4A58E7-CA1A-4A02-8D9E-79874731063F}.Debug|Any CPU.Build.0 = Debug|Any CPU
		{EA4A58E7-CA1A-4A02-8D9E-79874731063F}.Release|Any CPU.ActiveCfg = Release|Any CPU
		{EA4A58E7-CA1A-4A02-8D9E-79874731063F}.Release|Any CPU.Build.0 = Release|Any CPU
		{0AB9B9B7-9B1D-4F76-A2DD-86149295D7CC}.Debug|Any CPU.ActiveCfg = Debug|Any CPU
		{0AB9B9B7-9B1D-4F76-A2DD-86149295D7CC}.Debug|Any CPU.Build.0 = Debug|Any CPU
		{0AB9B9B7-9B1D-4F76-A2DD-86149295D7CC}.Release|Any CPU.ActiveCfg = Release|Any CPU
		{0AB9B9B7-9B1D-4F76-A2DD-86149295D7CC}.Release|Any CPU.Build.0 = Release|Any CPU
		{4C2B237E-DDC6-4630-B434-400E300863C6}.Debug|Any CPU.ActiveCfg = Debug|Any CPU
		{4C2B237E-DDC6-4630-B434-400E300863C6}.Debug|Any CPU.Build.0 = Debug|Any CPU
		{4C2B237E-DDC6-4630-B434-400E300863C6}.Release|Any CPU.ActiveCfg = Release|Any CPU
		{4C2B237E-DDC6-4630-B434-400E300863C6}.Release|Any CPU.Build.0 = Release|Any CPU
		{FC4B4150-3615-41A4-9B54-081C704B35D8}.Debug|Any CPU.ActiveCfg = Debug|Any CPU
		{FC4B4150-3615-41A4-9B54-081C704B35D8}.Debug|Any CPU.Build.0 = Debug|Any CPU
		{FC4B4150-3615-41A4-9B54-081C704B35D8}.Release|Any CPU.ActiveCfg = Release|Any CPU
		{FC4B4150-3615-41A4-9B54-081C704B35D8}.Release|Any CPU.Build.0 = Release|Any CPU
	EndGlobalSection
	GlobalSection(SolutionProperties) = preSolution
		HideSolutionNode = FALSE
	EndGlobalSection
	GlobalSection(ExtensibilityGlobals) = postSolution
		SolutionGuid = {6F82F328-C7C9-4A0C-9800-22FB2CD55D86}
	EndGlobalSection
EndGlobal
