
Microsoft Visual Studio Solution File, Format Version 12.00
# Visual Studio Version 17
VisualStudioVersion = 17.4.33122.133
MinimumVisualStudioVersion = 10.0.40219.1
Project("{9A19103F-16F7-4668-BE54-9A1E7A4F7556}") = "01.SignOfIntegerNumbers", "01.SignOfIntegerNumbers\01.SignOfIntegerNumbers.csproj", "{4A0846A1-D96C-4AC4-B173-32F6E83CB03D}"
EndProject
Project("{FAE04EC0-301F-11D3-BF4B-00C04F79EFBC}") = "02.Grades", "02.Grades\02.Grades.csproj", "{8F9B8B5C-EDA3-488F-8E0C-0D753611F5A6}"
EndProject
Project("{FAE04EC0-301F-11D3-BF4B-00C04F79EFBC}") = "03.Calculations", "03.Calculations\03.Calculations.csproj", "{9369B949-F46A-44B2-8554-C51FAEBDED97}"
EndProject
Project("{FAE04EC0-301F-11D3-BF4B-00C04F79EFBC}") = "04.PrintingTriangle", "04.PrintingTriangle\04.PrintingTriangle.csproj", "{CC806862-6253-4F71-93DC-C8014892601A}"
EndProject
Project("{FAE04EC0-301F-11D3-BF4B-00C04F79EFBC}") = "05.Orders", "05.Orders\05.Orders.csproj", "{C2D475E5-6ABD-47BE-B919-1C1BFDDFA3FD}"
EndProject
Project("{FAE04EC0-301F-11D3-BF4B-00C04F79EFBC}") = "06.CalculateRectangleArea", "06.CalculateRectangleArea\06.CalculateRectangleArea.csproj", "{9239F39A-752B-40A2-9AA1-735C367BC44F}"
EndProject
Project("{FAE04EC0-301F-11D3-BF4B-00C04F79EFBC}") = "07.RepeatString", "07.RepeatString\07.RepeatString.csproj", "{A1588D77-EDE0-4C66-A732-691A6B28EC74}"
EndProject
Project("{FAE04EC0-301F-11D3-BF4B-00C04F79EFBC}") = "08.MathPower", "08.MathPower\08.MathPower.csproj", "{056BCB99-C20F-4C8E-A669-2363331E2BFB}"
EndProject
Global
	GlobalSection(SolutionConfigurationPlatforms) = preSolution
		Debug|Any CPU = Debug|Any CPU
		Release|Any CPU = Release|Any CPU
	EndGlobalSection
	GlobalSection(ProjectConfigurationPlatforms) = postSolution
		{4A0846A1-D96C-4AC4-B173-32F6E83CB03D}.Debug|Any CPU.ActiveCfg = Debug|Any CPU
		{4A0846A1-D96C-4AC4-B173-32F6E83CB03D}.Debug|Any CPU.Build.0 = Debug|Any CPU
		{4A0846A1-D96C-4AC4-B173-32F6E83CB03D}.Release|Any CPU.ActiveCfg = Release|Any CPU
		{4A0846A1-D96C-4AC4-B173-32F6E83CB03D}.Release|Any CPU.Build.0 = Release|Any CPU
		{8F9B8B5C-EDA3-488F-8E0C-0D753611F5A6}.Debug|Any CPU.ActiveCfg = Debug|Any CPU
		{8F9B8B5C-EDA3-488F-8E0C-0D753611F5A6}.Debug|Any CPU.Build.0 = Debug|Any CPU
		{8F9B8B5C-EDA3-488F-8E0C-0D753611F5A6}.Release|Any CPU.ActiveCfg = Release|Any CPU
		{8F9B8B5C-EDA3-488F-8E0C-0D753611F5A6}.Release|Any CPU.Build.0 = Release|Any CPU
		{9369B949-F46A-44B2-8554-C51FAEBDED97}.Debug|Any CPU.ActiveCfg = Debug|Any CPU
		{9369B949-F46A-44B2-8554-C51FAEBDED97}.Debug|Any CPU.Build.0 = Debug|Any CPU
		{9369B949-F46A-44B2-8554-C51FAEBDED97}.Release|Any CPU.ActiveCfg = Release|Any CPU
		{9369B949-F46A-44B2-8554-C51FAEBDED97}.Release|Any CPU.Build.0 = Release|Any CPU
		{CC806862-6253-4F71-93DC-C8014892601A}.Debug|Any CPU.ActiveCfg = Debug|Any CPU
		{CC806862-6253-4F71-93DC-C8014892601A}.Debug|Any CPU.Build.0 = Debug|Any CPU
		{CC806862-6253-4F71-93DC-C8014892601A}.Release|Any CPU.ActiveCfg = Release|Any CPU
		{CC806862-6253-4F71-93DC-C8014892601A}.Release|Any CPU.Build.0 = Release|Any CPU
		{C2D475E5-6ABD-47BE-B919-1C1BFDDFA3FD}.Debug|Any CPU.ActiveCfg = Debug|Any CPU
		{C2D475E5-6ABD-47BE-B919-1C1BFDDFA3FD}.Debug|Any CPU.Build.0 = Debug|Any CPU
		{C2D475E5-6ABD-47BE-B919-1C1BFDDFA3FD}.Release|Any CPU.ActiveCfg = Release|Any CPU
		{C2D475E5-6ABD-47BE-B919-1C1BFDDFA3FD}.Release|Any CPU.Build.0 = Release|Any CPU
		{9239F39A-752B-40A2-9AA1-735C367BC44F}.Debug|Any CPU.ActiveCfg = Debug|Any CPU
		{9239F39A-752B-40A2-9AA1-735C367BC44F}.Debug|Any CPU.Build.0 = Debug|Any CPU
		{9239F39A-752B-40A2-9AA1-735C367BC44F}.Release|Any CPU.ActiveCfg = Release|Any CPU
		{9239F39A-752B-40A2-9AA1-735C367BC44F}.Release|Any CPU.Build.0 = Release|Any CPU
		{A1588D77-EDE0-4C66-A732-691A6B28EC74}.Debug|Any CPU.ActiveCfg = Debug|Any CPU
		{A1588D77-EDE0-4C66-A732-691A6B28EC74}.Debug|Any CPU.Build.0 = Debug|Any CPU
		{A1588D77-EDE0-4C66-A732-691A6B28EC74}.Release|Any CPU.ActiveCfg = Release|Any CPU
		{A1588D77-EDE0-4C66-A732-691A6B28EC74}.Release|Any CPU.Build.0 = Release|Any CPU
		{056BCB99-C20F-4C8E-A669-2363331E2BFB}.Debug|Any CPU.ActiveCfg = Debug|Any CPU
		{056BCB99-C20F-4C8E-A669-2363331E2BFB}.Debug|Any CPU.Build.0 = Debug|Any CPU
		{056BCB99-C20F-4C8E-A669-2363331E2BFB}.Release|Any CPU.ActiveCfg = Release|Any CPU
		{056BCB99-C20F-4C8E-A669-2363331E2BFB}.Release|Any CPU.Build.0 = Release|Any CPU
	EndGlobalSection
	GlobalSection(SolutionProperties) = preSolution
		HideSolutionNode = FALSE
	EndGlobalSection
	GlobalSection(ExtensibilityGlobals) = postSolution
		SolutionGuid = {381C3CBF-9ABE-4D55-B66C-D63F542A710D}
	EndGlobalSection
EndGlobal
