
Microsoft Visual Studio Solution File, Format Version 12.00
# Visual Studio Version 17
VisualStudioVersion = 17.4.33122.133
MinimumVisualStudioVersion = 10.0.40219.1
Project("{FAE04EC0-301F-11D3-BF4B-00C04F79EFBC}") = "01.Train", "01.Train\01.Train.csproj", "{67F1FCE2-32EA-4E00-9257-7196CF33D773}"
EndProject
Project("{FAE04EC0-301F-11D3-BF4B-00C04F79EFBC}") = "05.TopIntegers", "05.TopIntegers\05.TopIntegers.csproj", "{9A951660-06F6-4618-8831-DD10C0B19F67}"
EndProject
Project("{FAE04EC0-301F-11D3-BF4B-00C04F79EFBC}") = "06.EqualSum", "06.EqualSum\06.EqualSum.csproj", "{5BE61C04-28EE-4C47-8927-E6688D742DBC}"
EndProject
Project("{FAE04EC0-301F-11D3-BF4B-00C04F79EFBC}") = "07.MaxSequenceOfEqualElements", "07.MaxSequenceOfEqualElements\07.MaxSequenceOfEqualElements.csproj", "{F80A0A27-5A53-4515-9414-A33C90B45D00}"
EndProject
Project("{FAE04EC0-301F-11D3-BF4B-00C04F79EFBC}") = "08.MagicSum", "08.MagicSum\08.MagicSum.csproj", "{EE9B8D0B-9A80-4E8D-904F-FF5649FC2C44}"
EndProject
Global
	GlobalSection(SolutionConfigurationPlatforms) = preSolution
		Debug|Any CPU = Debug|Any CPU
		Release|Any CPU = Release|Any CPU
	EndGlobalSection
	GlobalSection(ProjectConfigurationPlatforms) = postSolution
		{67F1FCE2-32EA-4E00-9257-7196CF33D773}.Debug|Any CPU.ActiveCfg = Debug|Any CPU
		{67F1FCE2-32EA-4E00-9257-7196CF33D773}.Debug|Any CPU.Build.0 = Debug|Any CPU
		{67F1FCE2-32EA-4E00-9257-7196CF33D773}.Release|Any CPU.ActiveCfg = Release|Any CPU
		{67F1FCE2-32EA-4E00-9257-7196CF33D773}.Release|Any CPU.Build.0 = Release|Any CPU
		{9A951660-06F6-4618-8831-DD10C0B19F67}.Debug|Any CPU.ActiveCfg = Debug|Any CPU
		{9A951660-06F6-4618-8831-DD10C0B19F67}.Debug|Any CPU.Build.0 = Debug|Any CPU
		{9A951660-06F6-4618-8831-DD10C0B19F67}.Release|Any CPU.ActiveCfg = Release|Any CPU
		{9A951660-06F6-4618-8831-DD10C0B19F67}.Release|Any CPU.Build.0 = Release|Any CPU
		{5BE61C04-28EE-4C47-8927-E6688D742DBC}.Debug|Any CPU.ActiveCfg = Debug|Any CPU
		{5BE61C04-28EE-4C47-8927-E6688D742DBC}.Debug|Any CPU.Build.0 = Debug|Any CPU
		{5BE61C04-28EE-4C47-8927-E6688D742DBC}.Release|Any CPU.ActiveCfg = Release|Any CPU
		{5BE61C04-28EE-4C47-8927-E6688D742DBC}.Release|Any CPU.Build.0 = Release|Any CPU
		{F80A0A27-5A53-4515-9414-A33C90B45D00}.Debug|Any CPU.ActiveCfg = Debug|Any CPU
		{F80A0A27-5A53-4515-9414-A33C90B45D00}.Debug|Any CPU.Build.0 = Debug|Any CPU
		{F80A0A27-5A53-4515-9414-A33C90B45D00}.Release|Any CPU.ActiveCfg = Release|Any CPU
		{F80A0A27-5A53-4515-9414-A33C90B45D00}.Release|Any CPU.Build.0 = Release|Any CPU
		{EE9B8D0B-9A80-4E8D-904F-FF5649FC2C44}.Debug|Any CPU.ActiveCfg = Debug|Any CPU
		{EE9B8D0B-9A80-4E8D-904F-FF5649FC2C44}.Debug|Any CPU.Build.0 = Debug|Any CPU
		{EE9B8D0B-9A80-4E8D-904F-FF5649FC2C44}.Release|Any CPU.ActiveCfg = Release|Any CPU
		{EE9B8D0B-9A80-4E8D-904F-FF5649FC2C44}.Release|Any CPU.Build.0 = Release|Any CPU
	EndGlobalSection
	GlobalSection(SolutionProperties) = preSolution
		HideSolutionNode = FALSE
	EndGlobalSection
	GlobalSection(ExtensibilityGlobals) = postSolution
		SolutionGuid = {2C60B245-573A-48C6-ADE7-747DD207D603}
	EndGlobalSection
EndGlobal
